PODS:
  - FlutterMacOS (1.0.0)
  - native_push (0.0.1):
    - Flutter
    - FlutterMacOS

DEPENDENCIES:
  - FlutterMacOS (from `Flutter/ephemeral`)
  - native_push (from `Flutter/ephemeral/.symlinks/plugins/native_push/darwin`)

EXTERNAL SOURCES:
  FlutterMacOS:
    :path: Flutter/ephemeral
  native_push:
    :path: Flutter/ephemeral/.symlinks/plugins/native_push/darwin

SPEC CHECKSUMS:
  FlutterMacOS: 8f6f14fa908a6fb3fba0cd85dbd81ec4b251fb24
  native_push: c5279d9e2e3adbea5ad7acfb0b6cdbd65b8eb67f

PODFILE CHECKSUM: 9ebaf0ce3d369aaa26a9ea0e159195ed94724cf3

COCOAPODS: 1.15.2
