PODS:
  - FlutterMacOS (1.0.0)
  - native_push (0.0.1):
    - Flutter
    - FlutterMacOS

DEPENDENCIES:
  - FlutterMacOS (from `Flutter/ephemeral`)
  - native_push (from `Flutter/ephemeral/.symlinks/plugins/native_push/darwin`)

EXTERNAL SOURCES:
  FlutterMacOS:
    :path: Flutter/ephemeral
  native_push:
    :path: Flutter/ephemeral/.symlinks/plugins/native_push/darwin

SPEC CHECKSUMS:
  FlutterMacOS: d0db08ddef1a9af05a5ec4b724367152bb0500b1
  native_push: baf7fe05fd5c2ec94c507b6e0d773bbee12b6294

PODFILE CHECKSUM: 54d867c82ac51cbd61b565781b9fada492027009

COCOAPODS: 1.16.2
