{
  "originHash" : "f35a265c4092c0ba018f7b73d12d3c8b560236e98a708397e31d099a89503e53",
  "pins" : [
    {
      "identity" : "native_push_notification_service",
      "kind" : "remoteSourceControl",
      "location" : "https://github.com/Native-Push/native_push_notification_service",
      "state" : {
        "revision" : "2316f319b6161794b2966d24af745afe8a60f7e8",
        "version" : "1.0.1"
      }
    }
  ],
  "version" : 3
}
